
Microsoft Visual Studio Solution File, Format Version 12.00
# Visual Studio Version 16
VisualStudioVersion = 16.0.31410.357
MinimumVisualStudioVersion = 10.0.40219.1
Project("{9A19103F-16F7-4668-BE54-9A1E7A4F7556}") = "Pacagroup.Ecommerce.Transversal.Common", "Pacagroup.Ecommerce.Transversal.Common.csproj", "{2657D66A-544B-4A31-9801-5295CABBFA15}"
EndProject
Project("{2150E333-8FDC-42A3-9474-1A3956D46DE8}") = "Transversal", "Transversal", "{1C7BFFC9-CD09-4C92-8EBA-4161AAA6D5C3}"
EndProject
Project("{2150E333-8FDC-42A3-9474-1A3956D46DE8}") = "Dominio", "Dominio", "{B0189F41-58F1-4834-9AD4-8F0A3BEB06D6}"
EndProject
Project("{2150E333-8FDC-42A3-9474-1A3956D46DE8}") = "Servicio", "Servicio", "{0B56E789-94F9-4D48-924B-B960CD0E7F7E}"
EndProject
Project("{2150E333-8FDC-42A3-9474-1A3956D46DE8}") = "Aplicacion", "Aplicacion", "{E438F1AE-5BEF-4FA3-B915-EFC218CA21E0}"
EndProject
Project("{2150E333-8FDC-42A3-9474-1A3956D46DE8}") = "Infraestructura", "Infraestructura", "{866912A2-A594-4001-8CA0-77356CD07E59}"
EndProject
Project("{9A19103F-16F7-4668-BE54-9A1E7A4F7556}") = "Pacagroup.Ecommerce.Infrastructure.Data", "..\Pacagroup.Ecommerce.Infrastructure.Data\Pacagroup.Ecommerce.Infrastructure.Data.csproj", "{4720C91A-965A-4E7C-8FAB-EAC650339EEE}"
EndProject
Project("{9A19103F-16F7-4668-BE54-9A1E7A4F7556}") = "Pacagroup.Ecommerce.Infrastructure.Interface", "..\Pacagroup.Ecommerce.Infrastructure.Interface\Pacagroup.Ecommerce.Infrastructure.Interface.csproj", "{0C5B5E9B-1FB5-477A-950F-0D50AB7FF7E7}"
EndProject
Project("{9A19103F-16F7-4668-BE54-9A1E7A4F7556}") = "Pacagroup.Ecommerce.Domain.Entity", "..\Pacagroup.Ecommerce.Domain.Entity\Pacagroup.Ecommerce.Domain.Entity.csproj", "{A0635653-6FBD-4092-8DF0-3E24D9FCEE1C}"
EndProject
Project("{9A19103F-16F7-4668-BE54-9A1E7A4F7556}") = "Pacagroup.Ecommerce.Infrastructure.Repository", "..\Pacagroup.Ecommerce.Infrastructure.Repository\Pacagroup.Ecommerce.Infrastructure.Repository.csproj", "{83AC4475-3E2A-4941-BF79-7B42DB27C8AB}"
EndProject
Project("{9A19103F-16F7-4668-BE54-9A1E7A4F7556}") = "Pacagroup.Ecommerce.Domain.Interface", "..\Pacagroup.Ecommerce.Domain.Interface\Pacagroup.Ecommerce.Domain.Interface.csproj", "{782DC9B0-E492-46FB-8C8A-A3B1790B941B}"
EndProject
Project("{9A19103F-16F7-4668-BE54-9A1E7A4F7556}") = "Pacagroup.Ecommerce.Domain.Core", "..\Pacagroup.Ecommerce.Domain.Core\Pacagroup.Ecommerce.Domain.Core.csproj", "{67D134E4-C6D3-4777-952D-7605D8FE1F74}"
EndProject
Project("{9A19103F-16F7-4668-BE54-9A1E7A4F7556}") = "Pacagroup.Ecommerce.Aplication.DTO", "..\Pacagroup.Ecommerce.Aplication.DTO\Pacagroup.Ecommerce.Aplication.DTO.csproj", "{5E3F7013-99F4-4B5A-9AB9-68598F8377FA}"
EndProject
Project("{9A19103F-16F7-4668-BE54-9A1E7A4F7556}") = "Pacagroup.Ecommerce.Transversal.Mapper", "..\Pacagroup.Ecommerce.Transversal.Mapper\Pacagroup.Ecommerce.Transversal.Mapper.csproj", "{0BAF2781-B7A8-4439-9172-2BAED3F5E334}"
EndProject
Project("{9A19103F-16F7-4668-BE54-9A1E7A4F7556}") = "Pacagroup.Ecommerce.Application.Interface", "..\Pacagroup.Ecommerce.Application.Interface\Pacagroup.Ecommerce.Application.Interface.csproj", "{9737405A-AB45-477D-9DF0-F17DBE2534AC}"
EndProject
Project("{9A19103F-16F7-4668-BE54-9A1E7A4F7556}") = "Pacagroup.Ecommerce.Application.Main", "..\Pacagroup.Ecommerce.Application.Main\Pacagroup.Ecommerce.Application.Main.csproj", "{0A31ED93-5B44-4908-995F-CDF4BBF2E2B0}"
EndProject
Project("{FAE04EC0-301F-11D3-BF4B-00C04F79EFBC}") = "Pacagroup.Ecommerce.Service.WebApii", "..\Pacagroup.Ecommerce.Service.WebApii\Pacagroup.Ecommerce.Service.WebApii.csproj", "{5B933331-BFF6-4AC6-8441-BB666C40377F}"
EndProject
Global
	GlobalSection(SolutionConfigurationPlatforms) = preSolution
		Debug|Any CPU = Debug|Any CPU
		Release|Any CPU = Release|Any CPU
	EndGlobalSection
	GlobalSection(ProjectConfigurationPlatforms) = postSolution
		{2657D66A-544B-4A31-9801-5295CABBFA15}.Debug|Any CPU.ActiveCfg = Debug|Any CPU
		{2657D66A-544B-4A31-9801-5295CABBFA15}.Debug|Any CPU.Build.0 = Debug|Any CPU
		{2657D66A-544B-4A31-9801-5295CABBFA15}.Release|Any CPU.ActiveCfg = Release|Any CPU
		{2657D66A-544B-4A31-9801-5295CABBFA15}.Release|Any CPU.Build.0 = Release|Any CPU
		{4720C91A-965A-4E7C-8FAB-EAC650339EEE}.Debug|Any CPU.ActiveCfg = Debug|Any CPU
		{4720C91A-965A-4E7C-8FAB-EAC650339EEE}.Debug|Any CPU.Build.0 = Debug|Any CPU
		{4720C91A-965A-4E7C-8FAB-EAC650339EEE}.Release|Any CPU.ActiveCfg = Release|Any CPU
		{4720C91A-965A-4E7C-8FAB-EAC650339EEE}.Release|Any CPU.Build.0 = Release|Any CPU
		{0C5B5E9B-1FB5-477A-950F-0D50AB7FF7E7}.Debug|Any CPU.ActiveCfg = Debug|Any CPU
		{0C5B5E9B-1FB5-477A-950F-0D50AB7FF7E7}.Debug|Any CPU.Build.0 = Debug|Any CPU
		{0C5B5E9B-1FB5-477A-950F-0D50AB7FF7E7}.Release|Any CPU.ActiveCfg = Release|Any CPU
		{0C5B5E9B-1FB5-477A-950F-0D50AB7FF7E7}.Release|Any CPU.Build.0 = Release|Any CPU
		{A0635653-6FBD-4092-8DF0-3E24D9FCEE1C}.Debug|Any CPU.ActiveCfg = Debug|Any CPU
		{A0635653-6FBD-4092-8DF0-3E24D9FCEE1C}.Debug|Any CPU.Build.0 = Debug|Any CPU
		{A0635653-6FBD-4092-8DF0-3E24D9FCEE1C}.Release|Any CPU.ActiveCfg = Release|Any CPU
		{A0635653-6FBD-4092-8DF0-3E24D9FCEE1C}.Release|Any CPU.Build.0 = Release|Any CPU
		{83AC4475-3E2A-4941-BF79-7B42DB27C8AB}.Debug|Any CPU.ActiveCfg = Debug|Any CPU
		{83AC4475-3E2A-4941-BF79-7B42DB27C8AB}.Debug|Any CPU.Build.0 = Debug|Any CPU
		{83AC4475-3E2A-4941-BF79-7B42DB27C8AB}.Release|Any CPU.ActiveCfg = Release|Any CPU
		{83AC4475-3E2A-4941-BF79-7B42DB27C8AB}.Release|Any CPU.Build.0 = Release|Any CPU
		{782DC9B0-E492-46FB-8C8A-A3B1790B941B}.Debug|Any CPU.ActiveCfg = Debug|Any CPU
		{782DC9B0-E492-46FB-8C8A-A3B1790B941B}.Debug|Any CPU.Build.0 = Debug|Any CPU
		{782DC9B0-E492-46FB-8C8A-A3B1790B941B}.Release|Any CPU.ActiveCfg = Release|Any CPU
		{782DC9B0-E492-46FB-8C8A-A3B1790B941B}.Release|Any CPU.Build.0 = Release|Any CPU
		{67D134E4-C6D3-4777-952D-7605D8FE1F74}.Debug|Any CPU.ActiveCfg = Debug|Any CPU
		{67D134E4-C6D3-4777-952D-7605D8FE1F74}.Debug|Any CPU.Build.0 = Debug|Any CPU
		{67D134E4-C6D3-4777-952D-7605D8FE1F74}.Release|Any CPU.ActiveCfg = Release|Any CPU
		{67D134E4-C6D3-4777-952D-7605D8FE1F74}.Release|Any CPU.Build.0 = Release|Any CPU
		{5E3F7013-99F4-4B5A-9AB9-68598F8377FA}.Debug|Any CPU.ActiveCfg = Debug|Any CPU
		{5E3F7013-99F4-4B5A-9AB9-68598F8377FA}.Debug|Any CPU.Build.0 = Debug|Any CPU
		{5E3F7013-99F4-4B5A-9AB9-68598F8377FA}.Release|Any CPU.ActiveCfg = Release|Any CPU
		{5E3F7013-99F4-4B5A-9AB9-68598F8377FA}.Release|Any CPU.Build.0 = Release|Any CPU
		{0BAF2781-B7A8-4439-9172-2BAED3F5E334}.Debug|Any CPU.ActiveCfg = Debug|Any CPU
		{0BAF2781-B7A8-4439-9172-2BAED3F5E334}.Debug|Any CPU.Build.0 = Debug|Any CPU
		{0BAF2781-B7A8-4439-9172-2BAED3F5E334}.Release|Any CPU.ActiveCfg = Release|Any CPU
		{0BAF2781-B7A8-4439-9172-2BAED3F5E334}.Release|Any CPU.Build.0 = Release|Any CPU
		{9737405A-AB45-477D-9DF0-F17DBE2534AC}.Debug|Any CPU.ActiveCfg = Debug|Any CPU
		{9737405A-AB45-477D-9DF0-F17DBE2534AC}.Debug|Any CPU.Build.0 = Debug|Any CPU
		{9737405A-AB45-477D-9DF0-F17DBE2534AC}.Release|Any CPU.ActiveCfg = Release|Any CPU
		{9737405A-AB45-477D-9DF0-F17DBE2534AC}.Release|Any CPU.Build.0 = Release|Any CPU
		{0A31ED93-5B44-4908-995F-CDF4BBF2E2B0}.Debug|Any CPU.ActiveCfg = Debug|Any CPU
		{0A31ED93-5B44-4908-995F-CDF4BBF2E2B0}.Debug|Any CPU.Build.0 = Debug|Any CPU
		{0A31ED93-5B44-4908-995F-CDF4BBF2E2B0}.Release|Any CPU.ActiveCfg = Release|Any CPU
		{0A31ED93-5B44-4908-995F-CDF4BBF2E2B0}.Release|Any CPU.Build.0 = Release|Any CPU
		{5B933331-BFF6-4AC6-8441-BB666C40377F}.Debug|Any CPU.ActiveCfg = Debug|Any CPU
		{5B933331-BFF6-4AC6-8441-BB666C40377F}.Debug|Any CPU.Build.0 = Debug|Any CPU
		{5B933331-BFF6-4AC6-8441-BB666C40377F}.Release|Any CPU.ActiveCfg = Release|Any CPU
		{5B933331-BFF6-4AC6-8441-BB666C40377F}.Release|Any CPU.Build.0 = Release|Any CPU
	EndGlobalSection
	GlobalSection(SolutionProperties) = preSolution
		HideSolutionNode = FALSE
	EndGlobalSection
	GlobalSection(NestedProjects) = preSolution
		{2657D66A-544B-4A31-9801-5295CABBFA15} = {1C7BFFC9-CD09-4C92-8EBA-4161AAA6D5C3}
		{4720C91A-965A-4E7C-8FAB-EAC650339EEE} = {866912A2-A594-4001-8CA0-77356CD07E59}
		{0C5B5E9B-1FB5-477A-950F-0D50AB7FF7E7} = {866912A2-A594-4001-8CA0-77356CD07E59}
		{A0635653-6FBD-4092-8DF0-3E24D9FCEE1C} = {B0189F41-58F1-4834-9AD4-8F0A3BEB06D6}
		{83AC4475-3E2A-4941-BF79-7B42DB27C8AB} = {866912A2-A594-4001-8CA0-77356CD07E59}
		{782DC9B0-E492-46FB-8C8A-A3B1790B941B} = {B0189F41-58F1-4834-9AD4-8F0A3BEB06D6}
		{67D134E4-C6D3-4777-952D-7605D8FE1F74} = {B0189F41-58F1-4834-9AD4-8F0A3BEB06D6}
		{5E3F7013-99F4-4B5A-9AB9-68598F8377FA} = {E438F1AE-5BEF-4FA3-B915-EFC218CA21E0}
		{0BAF2781-B7A8-4439-9172-2BAED3F5E334} = {1C7BFFC9-CD09-4C92-8EBA-4161AAA6D5C3}
		{9737405A-AB45-477D-9DF0-F17DBE2534AC} = {E438F1AE-5BEF-4FA3-B915-EFC218CA21E0}
		{0A31ED93-5B44-4908-995F-CDF4BBF2E2B0} = {E438F1AE-5BEF-4FA3-B915-EFC218CA21E0}
		{5B933331-BFF6-4AC6-8441-BB666C40377F} = {0B56E789-94F9-4D48-924B-B960CD0E7F7E}
	EndGlobalSection
	GlobalSection(ExtensibilityGlobals) = postSolution
		SolutionGuid = {C3ECC40F-CD62-46C4-884B-423925FEA60E}
	EndGlobalSection
EndGlobal
